
Microsoft Visual Studio Solution File, Format Version 12.00
Project("{FAE04EC0-301F-11D3-BF4B-00C04F79EFBC}") = "JavaPropertiesUtils", "JavaPropertiesUtils\JavaPropertiesUtils.csproj", "{74404F35-45DD-4F7C-902B-A2B667D126E0}"
EndProject
Project("{FAE04EC0-301F-11D3-BF4B-00C04F79EFBC}") = "JavaPropertiesUtils.Tests", "JavaPropertiesUtils.Tests\JavaPropertiesUtils.Tests.csproj", "{D6E01005-846A-4610-B09A-B3F1308CEC63}"
EndProject
Global
	GlobalSection(SolutionConfigurationPlatforms) = preSolution
		Debug|Any CPU = Debug|Any CPU
		Release|Any CPU = Release|Any CPU
	EndGlobalSection
	GlobalSection(ProjectConfigurationPlatforms) = postSolution
		{74404F35-45DD-4F7C-902B-A2B667D126E0}.Debug|Any CPU.ActiveCfg = Debug|Any CPU
		{74404F35-45DD-4F7C-902B-A2B667D126E0}.Debug|Any CPU.Build.0 = Debug|Any CPU
		{74404F35-45DD-4F7C-902B-A2B667D126E0}.Release|Any CPU.ActiveCfg = Release|Any CPU
		{74404F35-45DD-4F7C-902B-A2B667D126E0}.Release|Any CPU.Build.0 = Release|Any CPU
		{D6E01005-846A-4610-B09A-B3F1308CEC63}.Debug|Any CPU.ActiveCfg = Debug|Any CPU
		{D6E01005-846A-4610-B09A-B3F1308CEC63}.Debug|Any CPU.Build.0 = Debug|Any CPU
		{D6E01005-846A-4610-B09A-B3F1308CEC63}.Release|Any CPU.ActiveCfg = Release|Any CPU
		{D6E01005-846A-4610-B09A-B3F1308CEC63}.Release|Any CPU.Build.0 = Release|Any CPU
	EndGlobalSection
EndGlobal
